
Microsoft Visual Studio Solution File, Format Version 12.00
# Visual Studio Version 17
VisualStudioVersion = 17.8.34309.116
MinimumVisualStudioVersion = 10.0.40219.1
Project("{FAE04EC0-301F-11D3-BF4B-00C04F79EFBC}") = "Zadanie4Warunki", "Zadanie4Warunki\Zadanie4Warunki.csproj", "{43C5B03F-6D39-460B-B953-8F7F3EF7ABF2}"
EndProject
Global
	GlobalSection(SolutionConfigurationPlatforms) = preSolution
		Debug|Any CPU = Debug|Any CPU
		Release|Any CPU = Release|Any CPU
	EndGlobalSection
	GlobalSection(ProjectConfigurationPlatforms) = postSolution
		{43C5B03F-6D39-460B-B953-8F7F3EF7ABF2}.Debug|Any CPU.ActiveCfg = Debug|Any CPU
		{43C5B03F-6D39-460B-B953-8F7F3EF7ABF2}.Debug|Any CPU.Build.0 = Debug|Any CPU
		{43C5B03F-6D39-460B-B953-8F7F3EF7ABF2}.Release|Any CPU.ActiveCfg = Release|Any CPU
		{43C5B03F-6D39-460B-B953-8F7F3EF7ABF2}.Release|Any CPU.Build.0 = Release|Any CPU
	EndGlobalSection
	GlobalSection(SolutionProperties) = preSolution
		HideSolutionNode = FALSE
	EndGlobalSection
	GlobalSection(ExtensibilityGlobals) = postSolution
		SolutionGuid = {DE5179E4-0315-4B58-AA58-A6F095237024}
	EndGlobalSection
EndGlobal
